<?xml version="1.0" encoding="UTF-8"?>
<CodeBlocks_project_file>
	<FileVersion major="1" minor="6"/>
	<Project>
		<Option title="packet_processor"/>
		<Option makefile_is_custom="1"/>
		<Option compiler="gcc"/>
		<Option virtualFolders="CMake Files\;"/>
		<Build>
			<Target title="all">
				<Option working_dir="/home/a52hepof/asignaturas/segundo/2t/ED_2023/build-packet_processor-Desktop_Qt_5_14_1_GCC_64bit-Debug"/>
				<Option type="4"/>
				<MakeCommands>
					<Build command="/usr/local/bin/ninja -v all"/>
					<CompileFile command="/usr/local/bin/ninja -v &quot;$file&quot;"/>
					<Clean command="/usr/local/bin/ninja -v clean"/>
					<DistClean command="/usr/local/bin/ninja -v clean"/>
				</MakeCommands>
			</Target>
			<Target title="test_slist">
				<Option output="/home/a52hepof/asignaturas/segundo/2t/ED_2023/build-packet_processor-Desktop_Qt_5_14_1_GCC_64bit-Debug/test_slist" prefix_auto="0" extension_auto="0"/>
				<Option working_dir="/home/a52hepof/asignaturas/segundo/2t/ED_2023/build-packet_processor-Desktop_Qt_5_14_1_GCC_64bit-Debug"/>
				<Option object_output="./"/>
				<Option type="1"/>
				<Option compiler="gcc"/>
				<Compiler>
					<Add directory="/usr/local/opt/gcc-5.3.0-64/lib/gcc/x86_64-unknown-linux-gnu/5.3.0/../../../../include/c++/5.3.0"/>
					<Add directory="/usr/local/opt/gcc-5.3.0-64/lib/gcc/x86_64-unknown-linux-gnu/5.3.0/../../../../include/c++/5.3.0/x86_64-unknown-linux-gnu"/>
					<Add directory="/usr/local/opt/gcc-5.3.0-64/lib/gcc/x86_64-unknown-linux-gnu/5.3.0/../../../../include/c++/5.3.0/backward"/>
					<Add directory="/usr/local/opt/gcc-5.3.0-64/lib/gcc/x86_64-unknown-linux-gnu/5.3.0/include"/>
					<Add directory="/usr/local/include/x86_64-linux-gnu"/>
					<Add directory="/usr/local/include"/>
					<Add directory="/usr/local/opt/gcc-5.3.0-64/include"/>
					<Add directory="/usr/local/opt/gcc-5.3.0-64/lib/gcc/x86_64-unknown-linux-gnu/5.3.0/include-fixed"/>
				</Compiler>
				<MakeCommands>
					<Build command="/usr/local/bin/ninja -v test_slist"/>
					<CompileFile command="/usr/local/bin/ninja -v &quot;$file&quot;"/>
					<Clean command="/usr/local/bin/ninja -v clean"/>
					<DistClean command="/usr/local/bin/ninja -v clean"/>
				</MakeCommands>
			</Target>
			<Target title="test_slist/fast">
				<Option output="/home/a52hepof/asignaturas/segundo/2t/ED_2023/build-packet_processor-Desktop_Qt_5_14_1_GCC_64bit-Debug/test_slist" prefix_auto="0" extension_auto="0"/>
				<Option working_dir="/home/a52hepof/asignaturas/segundo/2t/ED_2023/build-packet_processor-Desktop_Qt_5_14_1_GCC_64bit-Debug"/>
				<Option object_output="./"/>
				<Option type="1"/>
				<Option compiler="gcc"/>
				<Compiler>
					<Add directory="/usr/local/opt/gcc-5.3.0-64/lib/gcc/x86_64-unknown-linux-gnu/5.3.0/../../../../include/c++/5.3.0"/>
					<Add directory="/usr/local/opt/gcc-5.3.0-64/lib/gcc/x86_64-unknown-linux-gnu/5.3.0/../../../../include/c++/5.3.0/x86_64-unknown-linux-gnu"/>
					<Add directory="/usr/local/opt/gcc-5.3.0-64/lib/gcc/x86_64-unknown-linux-gnu/5.3.0/../../../../include/c++/5.3.0/backward"/>
					<Add directory="/usr/local/opt/gcc-5.3.0-64/lib/gcc/x86_64-unknown-linux-gnu/5.3.0/include"/>
					<Add directory="/usr/local/include/x86_64-linux-gnu"/>
					<Add directory="/usr/local/include"/>
					<Add directory="/usr/local/opt/gcc-5.3.0-64/include"/>
					<Add directory="/usr/local/opt/gcc-5.3.0-64/lib/gcc/x86_64-unknown-linux-gnu/5.3.0/include-fixed"/>
				</Compiler>
				<MakeCommands>
					<Build command="/usr/local/bin/ninja -v test_slist/fast"/>
					<CompileFile command="/usr/local/bin/ninja -v &quot;$file&quot;"/>
					<Clean command="/usr/local/bin/ninja -v clean"/>
					<DistClean command="/usr/local/bin/ninja -v clean"/>
				</MakeCommands>
			</Target>
			<Target title="test_stack">
				<Option output="/home/a52hepof/asignaturas/segundo/2t/ED_2023/build-packet_processor-Desktop_Qt_5_14_1_GCC_64bit-Debug/test_stack" prefix_auto="0" extension_auto="0"/>
				<Option working_dir="/home/a52hepof/asignaturas/segundo/2t/ED_2023/build-packet_processor-Desktop_Qt_5_14_1_GCC_64bit-Debug"/>
				<Option object_output="./"/>
				<Option type="1"/>
				<Option compiler="gcc"/>
				<Compiler>
					<Add directory="/usr/local/opt/gcc-5.3.0-64/lib/gcc/x86_64-unknown-linux-gnu/5.3.0/../../../../include/c++/5.3.0"/>
					<Add directory="/usr/local/opt/gcc-5.3.0-64/lib/gcc/x86_64-unknown-linux-gnu/5.3.0/../../../../include/c++/5.3.0/x86_64-unknown-linux-gnu"/>
					<Add directory="/usr/local/opt/gcc-5.3.0-64/lib/gcc/x86_64-unknown-linux-gnu/5.3.0/../../../../include/c++/5.3.0/backward"/>
					<Add directory="/usr/local/opt/gcc-5.3.0-64/lib/gcc/x86_64-unknown-linux-gnu/5.3.0/include"/>
					<Add directory="/usr/local/include/x86_64-linux-gnu"/>
					<Add directory="/usr/local/include"/>
					<Add directory="/usr/local/opt/gcc-5.3.0-64/include"/>
					<Add directory="/usr/local/opt/gcc-5.3.0-64/lib/gcc/x86_64-unknown-linux-gnu/5.3.0/include-fixed"/>
				</Compiler>
				<MakeCommands>
					<Build command="/usr/local/bin/ninja -v test_stack"/>
					<CompileFile command="/usr/local/bin/ninja -v &quot;$file&quot;"/>
					<Clean command="/usr/local/bin/ninja -v clean"/>
					<DistClean command="/usr/local/bin/ninja -v clean"/>
				</MakeCommands>
			</Target>
			<Target title="test_stack/fast">
				<Option output="/home/a52hepof/asignaturas/segundo/2t/ED_2023/build-packet_processor-Desktop_Qt_5_14_1_GCC_64bit-Debug/test_stack" prefix_auto="0" extension_auto="0"/>
				<Option working_dir="/home/a52hepof/asignaturas/segundo/2t/ED_2023/build-packet_processor-Desktop_Qt_5_14_1_GCC_64bit-Debug"/>
				<Option object_output="./"/>
				<Option type="1"/>
				<Option compiler="gcc"/>
				<Compiler>
					<Add directory="/usr/local/opt/gcc-5.3.0-64/lib/gcc/x86_64-unknown-linux-gnu/5.3.0/../../../../include/c++/5.3.0"/>
					<Add directory="/usr/local/opt/gcc-5.3.0-64/lib/gcc/x86_64-unknown-linux-gnu/5.3.0/../../../../include/c++/5.3.0/x86_64-unknown-linux-gnu"/>
					<Add directory="/usr/local/opt/gcc-5.3.0-64/lib/gcc/x86_64-unknown-linux-gnu/5.3.0/../../../../include/c++/5.3.0/backward"/>
					<Add directory="/usr/local/opt/gcc-5.3.0-64/lib/gcc/x86_64-unknown-linux-gnu/5.3.0/include"/>
					<Add directory="/usr/local/include/x86_64-linux-gnu"/>
					<Add directory="/usr/local/include"/>
					<Add directory="/usr/local/opt/gcc-5.3.0-64/include"/>
					<Add directory="/usr/local/opt/gcc-5.3.0-64/lib/gcc/x86_64-unknown-linux-gnu/5.3.0/include-fixed"/>
				</Compiler>
				<MakeCommands>
					<Build command="/usr/local/bin/ninja -v test_stack/fast"/>
					<CompileFile command="/usr/local/bin/ninja -v &quot;$file&quot;"/>
					<Clean command="/usr/local/bin/ninja -v clean"/>
					<DistClean command="/usr/local/bin/ninja -v clean"/>
				</MakeCommands>
			</Target>
			<Target title="test_queue">
				<Option output="/home/a52hepof/asignaturas/segundo/2t/ED_2023/build-packet_processor-Desktop_Qt_5_14_1_GCC_64bit-Debug/test_queue" prefix_auto="0" extension_auto="0"/>
				<Option working_dir="/home/a52hepof/asignaturas/segundo/2t/ED_2023/build-packet_processor-Desktop_Qt_5_14_1_GCC_64bit-Debug"/>
				<Option object_output="./"/>
				<Option type="1"/>
				<Option compiler="gcc"/>
				<Compiler>
					<Add directory="/usr/local/opt/gcc-5.3.0-64/lib/gcc/x86_64-unknown-linux-gnu/5.3.0/../../../../include/c++/5.3.0"/>
					<Add directory="/usr/local/opt/gcc-5.3.0-64/lib/gcc/x86_64-unknown-linux-gnu/5.3.0/../../../../include/c++/5.3.0/x86_64-unknown-linux-gnu"/>
					<Add directory="/usr/local/opt/gcc-5.3.0-64/lib/gcc/x86_64-unknown-linux-gnu/5.3.0/../../../../include/c++/5.3.0/backward"/>
					<Add directory="/usr/local/opt/gcc-5.3.0-64/lib/gcc/x86_64-unknown-linux-gnu/5.3.0/include"/>
					<Add directory="/usr/local/include/x86_64-linux-gnu"/>
					<Add directory="/usr/local/include"/>
					<Add directory="/usr/local/opt/gcc-5.3.0-64/include"/>
					<Add directory="/usr/local/opt/gcc-5.3.0-64/lib/gcc/x86_64-unknown-linux-gnu/5.3.0/include-fixed"/>
				</Compiler>
				<MakeCommands>
					<Build command="/usr/local/bin/ninja -v test_queue"/>
					<CompileFile command="/usr/local/bin/ninja -v &quot;$file&quot;"/>
					<Clean command="/usr/local/bin/ninja -v clean"/>
					<DistClean command="/usr/local/bin/ninja -v clean"/>
				</MakeCommands>
			</Target>
			<Target title="test_queue/fast">
				<Option output="/home/a52hepof/asignaturas/segundo/2t/ED_2023/build-packet_processor-Desktop_Qt_5_14_1_GCC_64bit-Debug/test_queue" prefix_auto="0" extension_auto="0"/>
				<Option working_dir="/home/a52hepof/asignaturas/segundo/2t/ED_2023/build-packet_processor-Desktop_Qt_5_14_1_GCC_64bit-Debug"/>
				<Option object_output="./"/>
				<Option type="1"/>
				<Option compiler="gcc"/>
				<Compiler>
					<Add directory="/usr/local/opt/gcc-5.3.0-64/lib/gcc/x86_64-unknown-linux-gnu/5.3.0/../../../../include/c++/5.3.0"/>
					<Add directory="/usr/local/opt/gcc-5.3.0-64/lib/gcc/x86_64-unknown-linux-gnu/5.3.0/../../../../include/c++/5.3.0/x86_64-unknown-linux-gnu"/>
					<Add directory="/usr/local/opt/gcc-5.3.0-64/lib/gcc/x86_64-unknown-linux-gnu/5.3.0/../../../../include/c++/5.3.0/backward"/>
					<Add directory="/usr/local/opt/gcc-5.3.0-64/lib/gcc/x86_64-unknown-linux-gnu/5.3.0/include"/>
					<Add directory="/usr/local/include/x86_64-linux-gnu"/>
					<Add directory="/usr/local/include"/>
					<Add directory="/usr/local/opt/gcc-5.3.0-64/include"/>
					<Add directory="/usr/local/opt/gcc-5.3.0-64/lib/gcc/x86_64-unknown-linux-gnu/5.3.0/include-fixed"/>
				</Compiler>
				<MakeCommands>
					<Build command="/usr/local/bin/ninja -v test_queue/fast"/>
					<CompileFile command="/usr/local/bin/ninja -v &quot;$file&quot;"/>
					<Clean command="/usr/local/bin/ninja -v clean"/>
					<DistClean command="/usr/local/bin/ninja -v clean"/>
				</MakeCommands>
			</Target>
			<Target title="test_packet_processor">
				<Option output="/home/a52hepof/asignaturas/segundo/2t/ED_2023/build-packet_processor-Desktop_Qt_5_14_1_GCC_64bit-Debug/test_packet_processor" prefix_auto="0" extension_auto="0"/>
				<Option working_dir="/home/a52hepof/asignaturas/segundo/2t/ED_2023/build-packet_processor-Desktop_Qt_5_14_1_GCC_64bit-Debug"/>
				<Option object_output="./"/>
				<Option type="1"/>
				<Option compiler="gcc"/>
				<Compiler>
					<Add directory="/usr/local/opt/gcc-5.3.0-64/lib/gcc/x86_64-unknown-linux-gnu/5.3.0/../../../../include/c++/5.3.0"/>
					<Add directory="/usr/local/opt/gcc-5.3.0-64/lib/gcc/x86_64-unknown-linux-gnu/5.3.0/../../../../include/c++/5.3.0/x86_64-unknown-linux-gnu"/>
					<Add directory="/usr/local/opt/gcc-5.3.0-64/lib/gcc/x86_64-unknown-linux-gnu/5.3.0/../../../../include/c++/5.3.0/backward"/>
					<Add directory="/usr/local/opt/gcc-5.3.0-64/lib/gcc/x86_64-unknown-linux-gnu/5.3.0/include"/>
					<Add directory="/usr/local/include/x86_64-linux-gnu"/>
					<Add directory="/usr/local/include"/>
					<Add directory="/usr/local/opt/gcc-5.3.0-64/include"/>
					<Add directory="/usr/local/opt/gcc-5.3.0-64/lib/gcc/x86_64-unknown-linux-gnu/5.3.0/include-fixed"/>
				</Compiler>
				<MakeCommands>
					<Build command="/usr/local/bin/ninja -v test_packet_processor"/>
					<CompileFile command="/usr/local/bin/ninja -v &quot;$file&quot;"/>
					<Clean command="/usr/local/bin/ninja -v clean"/>
					<DistClean command="/usr/local/bin/ninja -v clean"/>
				</MakeCommands>
			</Target>
			<Target title="test_packet_processor/fast">
				<Option output="/home/a52hepof/asignaturas/segundo/2t/ED_2023/build-packet_processor-Desktop_Qt_5_14_1_GCC_64bit-Debug/test_packet_processor" prefix_auto="0" extension_auto="0"/>
				<Option working_dir="/home/a52hepof/asignaturas/segundo/2t/ED_2023/build-packet_processor-Desktop_Qt_5_14_1_GCC_64bit-Debug"/>
				<Option object_output="./"/>
				<Option type="1"/>
				<Option compiler="gcc"/>
				<Compiler>
					<Add directory="/usr/local/opt/gcc-5.3.0-64/lib/gcc/x86_64-unknown-linux-gnu/5.3.0/../../../../include/c++/5.3.0"/>
					<Add directory="/usr/local/opt/gcc-5.3.0-64/lib/gcc/x86_64-unknown-linux-gnu/5.3.0/../../../../include/c++/5.3.0/x86_64-unknown-linux-gnu"/>
					<Add directory="/usr/local/opt/gcc-5.3.0-64/lib/gcc/x86_64-unknown-linux-gnu/5.3.0/../../../../include/c++/5.3.0/backward"/>
					<Add directory="/usr/local/opt/gcc-5.3.0-64/lib/gcc/x86_64-unknown-linux-gnu/5.3.0/include"/>
					<Add directory="/usr/local/include/x86_64-linux-gnu"/>
					<Add directory="/usr/local/include"/>
					<Add directory="/usr/local/opt/gcc-5.3.0-64/include"/>
					<Add directory="/usr/local/opt/gcc-5.3.0-64/lib/gcc/x86_64-unknown-linux-gnu/5.3.0/include-fixed"/>
				</Compiler>
				<MakeCommands>
					<Build command="/usr/local/bin/ninja -v test_packet_processor/fast"/>
					<CompileFile command="/usr/local/bin/ninja -v &quot;$file&quot;"/>
					<Clean command="/usr/local/bin/ninja -v clean"/>
					<DistClean command="/usr/local/bin/ninja -v clean"/>
				</MakeCommands>
			</Target>
			<Target title="edit_cache">
				<Option working_dir="/home/a52hepof/asignaturas/segundo/2t/ED_2023/build-packet_processor-Desktop_Qt_5_14_1_GCC_64bit-Debug"/>
				<Option type="4"/>
				<MakeCommands>
					<Build command="/usr/local/bin/ninja -v edit_cache"/>
					<CompileFile command="/usr/local/bin/ninja -v &quot;$file&quot;"/>
					<Clean command="/usr/local/bin/ninja -v clean"/>
					<DistClean command="/usr/local/bin/ninja -v clean"/>
				</MakeCommands>
			</Target>
			<Target title="rebuild_cache">
				<Option working_dir="/home/a52hepof/asignaturas/segundo/2t/ED_2023/build-packet_processor-Desktop_Qt_5_14_1_GCC_64bit-Debug"/>
				<Option type="4"/>
				<MakeCommands>
					<Build command="/usr/local/bin/ninja -v rebuild_cache"/>
					<CompileFile command="/usr/local/bin/ninja -v &quot;$file&quot;"/>
					<Clean command="/usr/local/bin/ninja -v clean"/>
					<DistClean command="/usr/local/bin/ninja -v clean"/>
				</MakeCommands>
			</Target>
		</Build>
		<Unit filename="/home/a52hepof/asignaturas/segundo/2t/ED_2023/packet_processor/packet_processor.cpp">
			<Option target="test_packet_processor"/>
		</Unit>
		<Unit filename="/home/a52hepof/asignaturas/segundo/2t/ED_2023/packet_processor/packet_processor.hpp">
			<Option target="test_packet_processor"/>
		</Unit>
		<Unit filename="/home/a52hepof/asignaturas/segundo/2t/ED_2023/packet_processor/queue.hpp">
			<Option target="test_queue"/>
			<Option target="test_packet_processor"/>
		</Unit>
		<Unit filename="/home/a52hepof/asignaturas/segundo/2t/ED_2023/packet_processor/queue_imp.hpp">
			<Option target="test_queue"/>
			<Option target="test_packet_processor"/>
		</Unit>
		<Unit filename="/home/a52hepof/asignaturas/segundo/2t/ED_2023/packet_processor/slist.hpp">
			<Option target="test_slist"/>
			<Option target="test_stack"/>
			<Option target="test_packet_processor"/>
		</Unit>
		<Unit filename="/home/a52hepof/asignaturas/segundo/2t/ED_2023/packet_processor/slist_imp.hpp">
			<Option target="test_slist"/>
			<Option target="test_stack"/>
			<Option target="test_packet_processor"/>
		</Unit>
		<Unit filename="/home/a52hepof/asignaturas/segundo/2t/ED_2023/packet_processor/stack.hpp">
			<Option target="test_stack"/>
			<Option target="test_queue"/>
			<Option target="test_packet_processor"/>
		</Unit>
		<Unit filename="/home/a52hepof/asignaturas/segundo/2t/ED_2023/packet_processor/stack_imp.hpp">
			<Option target="test_stack"/>
			<Option target="test_queue"/>
			<Option target="test_packet_processor"/>
		</Unit>
		<Unit filename="/home/a52hepof/asignaturas/segundo/2t/ED_2023/packet_processor/test_packet_processor.cpp">
			<Option target="test_packet_processor"/>
		</Unit>
		<Unit filename="/home/a52hepof/asignaturas/segundo/2t/ED_2023/packet_processor/test_queue.cpp">
			<Option target="test_queue"/>
		</Unit>
		<Unit filename="/home/a52hepof/asignaturas/segundo/2t/ED_2023/packet_processor/test_slist.cpp">
			<Option target="test_slist"/>
		</Unit>
		<Unit filename="/home/a52hepof/asignaturas/segundo/2t/ED_2023/packet_processor/test_stack.cpp">
			<Option target="test_stack"/>
		</Unit>
		<Unit filename="/home/a52hepof/asignaturas/segundo/2t/ED_2023/packet_processor/CMakeLists.txt">
			<Option virtualFolder="CMake Files\"/>
		</Unit>
	</Project>
</CodeBlocks_project_file>
